
Microsoft Visual Studio Solution File, Format Version 12.00
# Visual Studio Version 16
VisualStudioVersion = 16.0.28917.181
MinimumVisualStudioVersion = 10.0.40219.1
Project("{FAE04EC0-301F-11D3-BF4B-00C04F79EFBC}") = "Exercise.11", "Exercise.11\Exercise.11.csproj", "{8AF8E5C0-1355-4ECD-99A2-110AE1ACC8FD}"
EndProject
Project("{FAE04EC0-301F-11D3-BF4B-00C04F79EFBC}") = "Exercise.11.Tests", "Exercise.11.Tests\Exercise.11.Tests.csproj", "{6FC90B09-0106-4D80-9899-A03245C0C0B3}"
EndProject
Global
	GlobalSection(SolutionConfigurationPlatforms) = preSolution
		Debug|Any CPU = Debug|Any CPU
		Release|Any CPU = Release|Any CPU
	EndGlobalSection
	GlobalSection(ProjectConfigurationPlatforms) = postSolution
		{8AF8E5C0-1355-4ECD-99A2-110AE1ACC8FD}.Debug|Any CPU.ActiveCfg = Debug|Any CPU
		{8AF8E5C0-1355-4ECD-99A2-110AE1ACC8FD}.Debug|Any CPU.Build.0 = Debug|Any CPU
		{8AF8E5C0-1355-4ECD-99A2-110AE1ACC8FD}.Release|Any CPU.ActiveCfg = Release|Any CPU
		{8AF8E5C0-1355-4ECD-99A2-110AE1ACC8FD}.Release|Any CPU.Build.0 = Release|Any CPU
		{6FC90B09-0106-4D80-9899-A03245C0C0B3}.Debug|Any CPU.ActiveCfg = Debug|Any CPU
		{6FC90B09-0106-4D80-9899-A03245C0C0B3}.Debug|Any CPU.Build.0 = Debug|Any CPU
		{6FC90B09-0106-4D80-9899-A03245C0C0B3}.Release|Any CPU.ActiveCfg = Release|Any CPU
		{6FC90B09-0106-4D80-9899-A03245C0C0B3}.Release|Any CPU.Build.0 = Release|Any CPU
	EndGlobalSection
	GlobalSection(SolutionProperties) = preSolution
		HideSolutionNode = FALSE
	EndGlobalSection
	GlobalSection(ExtensibilityGlobals) = postSolution
		SolutionGuid = {577D0618-4F4A-4EB3-9549-FACF23E2A182}
	EndGlobalSection
EndGlobal
