
Microsoft Visual Studio Solution File, Format Version 12.00
# Visual Studio Version 16
VisualStudioVersion = 16.0.28917.181
MinimumVisualStudioVersion = 10.0.40219.1
Project("{FAE04EC0-301F-11D3-BF4B-00C04F79EFBC}") = "Exercise.6", "Exercise.6\Exercise.6.csproj", "{3984A093-AE36-4261-A432-CACBED413383}"
EndProject
Project("{FAE04EC0-301F-11D3-BF4B-00C04F79EFBC}") = "Exercise.6.Tests", "Exercise.6.Tests\Exercise.6.Tests.csproj", "{61FD2897-AF2C-4CD9-BCCB-4984F291D21A}"
EndProject
Global
	GlobalSection(SolutionConfigurationPlatforms) = preSolution
		Debug|Any CPU = Debug|Any CPU
		Release|Any CPU = Release|Any CPU
	EndGlobalSection
	GlobalSection(ProjectConfigurationPlatforms) = postSolution
		{3984A093-AE36-4261-A432-CACBED413383}.Debug|Any CPU.ActiveCfg = Debug|Any CPU
		{3984A093-AE36-4261-A432-CACBED413383}.Debug|Any CPU.Build.0 = Debug|Any CPU
		{3984A093-AE36-4261-A432-CACBED413383}.Release|Any CPU.ActiveCfg = Release|Any CPU
		{3984A093-AE36-4261-A432-CACBED413383}.Release|Any CPU.Build.0 = Release|Any CPU
		{61FD2897-AF2C-4CD9-BCCB-4984F291D21A}.Debug|Any CPU.ActiveCfg = Debug|Any CPU
		{61FD2897-AF2C-4CD9-BCCB-4984F291D21A}.Debug|Any CPU.Build.0 = Debug|Any CPU
		{61FD2897-AF2C-4CD9-BCCB-4984F291D21A}.Release|Any CPU.ActiveCfg = Release|Any CPU
		{61FD2897-AF2C-4CD9-BCCB-4984F291D21A}.Release|Any CPU.Build.0 = Release|Any CPU
	EndGlobalSection
	GlobalSection(SolutionProperties) = preSolution
		HideSolutionNode = FALSE
	EndGlobalSection
	GlobalSection(ExtensibilityGlobals) = postSolution
		SolutionGuid = {3C655534-352A-4EA0-A2E2-CAEF5542830E}
	EndGlobalSection
EndGlobal
