
Microsoft Visual Studio Solution File, Format Version 12.00
# Visual Studio Version 16
VisualStudioVersion = 16.0.28917.181
MinimumVisualStudioVersion = 10.0.40219.1
Project("{FAE04EC0-301F-11D3-BF4B-00C04F79EFBC}") = "Exercise.13", "Exercise.13\Exercise.13.csproj", "{CA73FDA0-A7A0-4CA0-B62B-E3702BACAD73}"
EndProject
Project("{FAE04EC0-301F-11D3-BF4B-00C04F79EFBC}") = "Exercise.13.Tests", "Exercise.13.Tests\Exercise.13.Tests.csproj", "{BF5A8385-D9C7-4854-AC3E-82BFE1F6C624}"
EndProject
Global
	GlobalSection(SolutionConfigurationPlatforms) = preSolution
		Debug|Any CPU = Debug|Any CPU
		Release|Any CPU = Release|Any CPU
	EndGlobalSection
	GlobalSection(ProjectConfigurationPlatforms) = postSolution
		{CA73FDA0-A7A0-4CA0-B62B-E3702BACAD73}.Debug|Any CPU.ActiveCfg = Debug|Any CPU
		{CA73FDA0-A7A0-4CA0-B62B-E3702BACAD73}.Debug|Any CPU.Build.0 = Debug|Any CPU
		{CA73FDA0-A7A0-4CA0-B62B-E3702BACAD73}.Release|Any CPU.ActiveCfg = Release|Any CPU
		{CA73FDA0-A7A0-4CA0-B62B-E3702BACAD73}.Release|Any CPU.Build.0 = Release|Any CPU
		{BF5A8385-D9C7-4854-AC3E-82BFE1F6C624}.Debug|Any CPU.ActiveCfg = Debug|Any CPU
		{BF5A8385-D9C7-4854-AC3E-82BFE1F6C624}.Debug|Any CPU.Build.0 = Debug|Any CPU
		{BF5A8385-D9C7-4854-AC3E-82BFE1F6C624}.Release|Any CPU.ActiveCfg = Release|Any CPU
		{BF5A8385-D9C7-4854-AC3E-82BFE1F6C624}.Release|Any CPU.Build.0 = Release|Any CPU
	EndGlobalSection
	GlobalSection(SolutionProperties) = preSolution
		HideSolutionNode = FALSE
	EndGlobalSection
	GlobalSection(ExtensibilityGlobals) = postSolution
		SolutionGuid = {2ECDD189-0BAB-4D87-A0F0-691839960888}
	EndGlobalSection
EndGlobal
