
Microsoft Visual Studio Solution File, Format Version 12.00
# Visual Studio Version 16
VisualStudioVersion = 16.0.28917.181
MinimumVisualStudioVersion = 10.0.40219.1
Project("{FAE04EC0-301F-11D3-BF4B-00C04F79EFBC}") = "Exercise.8", "Exercise.8\Exercise.8.csproj", "{9EF29566-F13E-4E23-B64A-4D241CD371B5}"
EndProject
Project("{FAE04EC0-301F-11D3-BF4B-00C04F79EFBC}") = "Exercise.8.Tests", "Exercise.8.Tests\Exercise.8.Tests.csproj", "{5CAB0562-B23D-4613-B37A-DE33EF7EB8ED}"
EndProject
Global
	GlobalSection(SolutionConfigurationPlatforms) = preSolution
		Debug|Any CPU = Debug|Any CPU
		Release|Any CPU = Release|Any CPU
	EndGlobalSection
	GlobalSection(ProjectConfigurationPlatforms) = postSolution
		{9EF29566-F13E-4E23-B64A-4D241CD371B5}.Debug|Any CPU.ActiveCfg = Debug|Any CPU
		{9EF29566-F13E-4E23-B64A-4D241CD371B5}.Debug|Any CPU.Build.0 = Debug|Any CPU
		{9EF29566-F13E-4E23-B64A-4D241CD371B5}.Release|Any CPU.ActiveCfg = Release|Any CPU
		{9EF29566-F13E-4E23-B64A-4D241CD371B5}.Release|Any CPU.Build.0 = Release|Any CPU
		{5CAB0562-B23D-4613-B37A-DE33EF7EB8ED}.Debug|Any CPU.ActiveCfg = Debug|Any CPU
		{5CAB0562-B23D-4613-B37A-DE33EF7EB8ED}.Debug|Any CPU.Build.0 = Debug|Any CPU
		{5CAB0562-B23D-4613-B37A-DE33EF7EB8ED}.Release|Any CPU.ActiveCfg = Release|Any CPU
		{5CAB0562-B23D-4613-B37A-DE33EF7EB8ED}.Release|Any CPU.Build.0 = Release|Any CPU
	EndGlobalSection
	GlobalSection(SolutionProperties) = preSolution
		HideSolutionNode = FALSE
	EndGlobalSection
	GlobalSection(ExtensibilityGlobals) = postSolution
		SolutionGuid = {6DF88E10-3CC0-4FCC-A413-A4F378B265C6}
	EndGlobalSection
EndGlobal
