
Microsoft Visual Studio Solution File, Format Version 12.00
# Visual Studio Version 16
VisualStudioVersion = 16.0.28917.181
MinimumVisualStudioVersion = 10.0.40219.1
Project("{FAE04EC0-301F-11D3-BF4B-00C04F79EFBC}") = "Exercise.10", "Exercise.10\Exercise.10.csproj", "{1481F5B2-86D7-49CD-B726-939311E2F1A0}"
EndProject
Project("{FAE04EC0-301F-11D3-BF4B-00C04F79EFBC}") = "Exercise.10.Tests", "Exercise.10.Tests\Exercise.10.Tests.csproj", "{993AC502-05A0-481D-A44F-A8DCB11AA43E}"
EndProject
Global
	GlobalSection(SolutionConfigurationPlatforms) = preSolution
		Debug|Any CPU = Debug|Any CPU
		Release|Any CPU = Release|Any CPU
	EndGlobalSection
	GlobalSection(ProjectConfigurationPlatforms) = postSolution
		{1481F5B2-86D7-49CD-B726-939311E2F1A0}.Debug|Any CPU.ActiveCfg = Debug|Any CPU
		{1481F5B2-86D7-49CD-B726-939311E2F1A0}.Debug|Any CPU.Build.0 = Debug|Any CPU
		{1481F5B2-86D7-49CD-B726-939311E2F1A0}.Release|Any CPU.ActiveCfg = Release|Any CPU
		{1481F5B2-86D7-49CD-B726-939311E2F1A0}.Release|Any CPU.Build.0 = Release|Any CPU
		{993AC502-05A0-481D-A44F-A8DCB11AA43E}.Debug|Any CPU.ActiveCfg = Debug|Any CPU
		{993AC502-05A0-481D-A44F-A8DCB11AA43E}.Debug|Any CPU.Build.0 = Debug|Any CPU
		{993AC502-05A0-481D-A44F-A8DCB11AA43E}.Release|Any CPU.ActiveCfg = Release|Any CPU
		{993AC502-05A0-481D-A44F-A8DCB11AA43E}.Release|Any CPU.Build.0 = Release|Any CPU
	EndGlobalSection
	GlobalSection(SolutionProperties) = preSolution
		HideSolutionNode = FALSE
	EndGlobalSection
	GlobalSection(ExtensibilityGlobals) = postSolution
		SolutionGuid = {1180D2A9-A22C-4819-906B-8F5664007467}
	EndGlobalSection
EndGlobal
