
Microsoft Visual Studio Solution File, Format Version 12.00
# Visual Studio Version 16
VisualStudioVersion = 16.0.28917.181
MinimumVisualStudioVersion = 10.0.40219.1
Project("{FAE04EC0-301F-11D3-BF4B-00C04F79EFBC}") = "Exercise.3", "Exercise.3\Exercise.3.csproj", "{1FB3D39E-23F0-42E9-9B27-89E7FD7AD399}"
EndProject
Project("{FAE04EC0-301F-11D3-BF4B-00C04F79EFBC}") = "Exercise.3.Tests", "Exercise.3.Tests\Exercise.3.Tests.csproj", "{7389CCFE-DD63-4289-87E9-F22BF6DD80D9}"
EndProject
Global
	GlobalSection(SolutionConfigurationPlatforms) = preSolution
		Debug|Any CPU = Debug|Any CPU
		Release|Any CPU = Release|Any CPU
	EndGlobalSection
	GlobalSection(ProjectConfigurationPlatforms) = postSolution
		{1FB3D39E-23F0-42E9-9B27-89E7FD7AD399}.Debug|Any CPU.ActiveCfg = Debug|Any CPU
		{1FB3D39E-23F0-42E9-9B27-89E7FD7AD399}.Debug|Any CPU.Build.0 = Debug|Any CPU
		{1FB3D39E-23F0-42E9-9B27-89E7FD7AD399}.Release|Any CPU.ActiveCfg = Release|Any CPU
		{1FB3D39E-23F0-42E9-9B27-89E7FD7AD399}.Release|Any CPU.Build.0 = Release|Any CPU
		{7389CCFE-DD63-4289-87E9-F22BF6DD80D9}.Debug|Any CPU.ActiveCfg = Debug|Any CPU
		{7389CCFE-DD63-4289-87E9-F22BF6DD80D9}.Debug|Any CPU.Build.0 = Debug|Any CPU
		{7389CCFE-DD63-4289-87E9-F22BF6DD80D9}.Release|Any CPU.ActiveCfg = Release|Any CPU
		{7389CCFE-DD63-4289-87E9-F22BF6DD80D9}.Release|Any CPU.Build.0 = Release|Any CPU
	EndGlobalSection
	GlobalSection(SolutionProperties) = preSolution
		HideSolutionNode = FALSE
	EndGlobalSection
	GlobalSection(ExtensibilityGlobals) = postSolution
		SolutionGuid = {8CD99EA8-707A-4FD9-BB1E-3793AD72C2D5}
	EndGlobalSection
EndGlobal
